
Microsoft Visual Studio Solution File, Format Version 12.00
# Visual Studio Version 17
VisualStudioVersion = 17.9.34714.143
MinimumVisualStudioVersion = 10.0.40219.1
Project("{FAE04EC0-301F-11D3-BF4B-00C04F79EFBC}") = "SecondTask", "SecondTask\SecondTask.csproj", "{76442CB1-4FC6-4267-B7FD-B930FC3A989E}"
EndProject
Global
	GlobalSection(SolutionConfigurationPlatforms) = preSolution
		Debug|Any CPU = Debug|Any CPU
		Release|Any CPU = Release|Any CPU
	EndGlobalSection
	GlobalSection(ProjectConfigurationPlatforms) = postSolution
		{76442CB1-4FC6-4267-B7FD-B930FC3A989E}.Debug|Any CPU.ActiveCfg = Debug|Any CPU
		{76442CB1-4FC6-4267-B7FD-B930FC3A989E}.Debug|Any CPU.Build.0 = Debug|Any CPU
		{76442CB1-4FC6-4267-B7FD-B930FC3A989E}.Release|Any CPU.ActiveCfg = Release|Any CPU
		{76442CB1-4FC6-4267-B7FD-B930FC3A989E}.Release|Any CPU.Build.0 = Release|Any CPU
	EndGlobalSection
	GlobalSection(SolutionProperties) = preSolution
		HideSolutionNode = FALSE
	EndGlobalSection
	GlobalSection(ExtensibilityGlobals) = postSolution
		SolutionGuid = {1539746C-85C4-4791-AF1D-C24AFEC490E1}
	EndGlobalSection
EndGlobal
